
Microsoft Visual Studio Solution File, Format Version 12.00
# Visual Studio Version 17
VisualStudioVersion = 17.3.32804.467
MinimumVisualStudioVersion = 10.0.40219.1
Project("{FAE04EC0-301F-11D3-BF4B-00C04F79EFBC}") = "Availity.Lisp.Validator", "Availity.Lisp.Validator\Availity.Lisp.Validator.csproj", "{B4CF0794-CB3E-4D44-8C36-45999FCE1114}"
EndProject
Global
	GlobalSection(SolutionConfigurationPlatforms) = preSolution
		Debug|Any CPU = Debug|Any CPU
		Release|Any CPU = Release|Any CPU
	EndGlobalSection
	GlobalSection(ProjectConfigurationPlatforms) = postSolution
		{B4CF0794-CB3E-4D44-8C36-45999FCE1114}.Debug|Any CPU.ActiveCfg = Debug|Any CPU
		{B4CF0794-CB3E-4D44-8C36-45999FCE1114}.Debug|Any CPU.Build.0 = Debug|Any CPU
		{B4CF0794-CB3E-4D44-8C36-45999FCE1114}.Release|Any CPU.ActiveCfg = Release|Any CPU
		{B4CF0794-CB3E-4D44-8C36-45999FCE1114}.Release|Any CPU.Build.0 = Release|Any CPU
	EndGlobalSection
	GlobalSection(SolutionProperties) = preSolution
		HideSolutionNode = FALSE
	EndGlobalSection
	GlobalSection(ExtensibilityGlobals) = postSolution
		SolutionGuid = {91556AE1-DA20-4144-A21A-E7AE4A07252C}
	EndGlobalSection
EndGlobal
